
Microsoft Visual Studio Solution File, Format Version 12.00
# Visual Studio Version 17
VisualStudioVersion = 17.14.36408.4 d17.14
MinimumVisualStudioVersion = 10.0.40219.1
Project("{FAE04EC0-301F-11D3-BF4B-00C04F79EFBC}") = "layou_admin", "layou_admin.csproj", "{FE4A0F16-B6EB-4B54-9CAD-5FA528BB0D58}"
EndProject
Global
	GlobalSection(SolutionConfigurationPlatforms) = preSolution
		Debug|Any CPU = Debug|Any CPU
		Release|Any CPU = Release|Any CPU
	EndGlobalSection
	GlobalSection(ProjectConfigurationPlatforms) = postSolution
		{FE4A0F16-B6EB-4B54-9CAD-5FA528BB0D58}.Debug|Any CPU.ActiveCfg = Debug|Any CPU
		{FE4A0F16-B6EB-4B54-9CAD-5FA528BB0D58}.Debug|Any CPU.Build.0 = Debug|Any CPU
		{FE4A0F16-B6EB-4B54-9CAD-5FA528BB0D58}.Release|Any CPU.ActiveCfg = Release|Any CPU
		{FE4A0F16-B6EB-4B54-9CAD-5FA528BB0D58}.Release|Any CPU.Build.0 = Release|Any CPU
	EndGlobalSection
	GlobalSection(SolutionProperties) = preSolution
		HideSolutionNode = FALSE
	EndGlobalSection
	GlobalSection(ExtensibilityGlobals) = postSolution
		SolutionGuid = {BE47DB84-2B73-4FC0-8E26-788DAF313921}
	EndGlobalSection
EndGlobal
