
Microsoft Visual Studio Solution File, Format Version 12.00
# Visual Studio Version 17
VisualStudioVersion = 17.14.36408.4 d17.14
MinimumVisualStudioVersion = 10.0.40219.1
Project("{FAE04EC0-301F-11D3-BF4B-00C04F79EFBC}") = "baitulam", "baitulam.csproj", "{B1FD9B8A-86BA-4534-B759-67241DC5D4B2}"
EndProject
Global
	GlobalSection(SolutionConfigurationPlatforms) = preSolution
		Debug|Any CPU = Debug|Any CPU
		Release|Any CPU = Release|Any CPU
	EndGlobalSection
	GlobalSection(ProjectConfigurationPlatforms) = postSolution
		{B1FD9B8A-86BA-4534-B759-67241DC5D4B2}.Debug|Any CPU.ActiveCfg = Debug|Any CPU
		{B1FD9B8A-86BA-4534-B759-67241DC5D4B2}.Debug|Any CPU.Build.0 = Debug|Any CPU
		{B1FD9B8A-86BA-4534-B759-67241DC5D4B2}.Release|Any CPU.ActiveCfg = Release|Any CPU
		{B1FD9B8A-86BA-4534-B759-67241DC5D4B2}.Release|Any CPU.Build.0 = Release|Any CPU
	EndGlobalSection
	GlobalSection(SolutionProperties) = preSolution
		HideSolutionNode = FALSE
	EndGlobalSection
	GlobalSection(ExtensibilityGlobals) = postSolution
		SolutionGuid = {227B5665-D3B6-46D5-BD41-07898DC86A2C}
	EndGlobalSection
EndGlobal
