
Microsoft Visual Studio Solution File, Format Version 12.00
# Visual Studio Version 17
VisualStudioVersion = 17.14.36408.4 d17.14
MinimumVisualStudioVersion = 10.0.40219.1
Project("{FAE04EC0-301F-11D3-BF4B-00C04F79EFBC}") = "Day9lab", "Day9lab.csproj", "{6BCC710F-86B9-4DB3-B7CC-1E82D8401BD3}"
EndProject
Global
	GlobalSection(SolutionConfigurationPlatforms) = preSolution
		Debug|Any CPU = Debug|Any CPU
		Release|Any CPU = Release|Any CPU
	EndGlobalSection
	GlobalSection(ProjectConfigurationPlatforms) = postSolution
		{6BCC710F-86B9-4DB3-B7CC-1E82D8401BD3}.Debug|Any CPU.ActiveCfg = Debug|Any CPU
		{6BCC710F-86B9-4DB3-B7CC-1E82D8401BD3}.Debug|Any CPU.Build.0 = Debug|Any CPU
		{6BCC710F-86B9-4DB3-B7CC-1E82D8401BD3}.Release|Any CPU.ActiveCfg = Release|Any CPU
		{6BCC710F-86B9-4DB3-B7CC-1E82D8401BD3}.Release|Any CPU.Build.0 = Release|Any CPU
	EndGlobalSection
	GlobalSection(SolutionProperties) = preSolution
		HideSolutionNode = FALSE
	EndGlobalSection
	GlobalSection(ExtensibilityGlobals) = postSolution
		SolutionGuid = {70DA66D1-9260-40B7-B1FC-1A1458755D8E}
	EndGlobalSection
EndGlobal
